
Microsoft Visual Studio Solution File, Format Version 12.00
# Visual Studio Version 17
VisualStudioVersion = 17.3.32922.545
MinimumVisualStudioVersion = 10.0.40219.1
Project("{FAE04EC0-301F-11D3-BF4B-00C04F79EFBC}") = "FilesLambda", "FilesLambda\FilesLambda.csproj", "{1DF18731-53A4-48FB-97A5-23D3CD30F462}"
EndProject
Project("{FAE04EC0-301F-11D3-BF4B-00C04F79EFBC}") = "Application", "Application\Application.csproj", "{26E90795-314A-485C-9ED4-DF6C732D75CB}"
EndProject
Project("{FAE04EC0-301F-11D3-BF4B-00C04F79EFBC}") = "Domain", "Domain\Domain.csproj", "{410B925E-630F-4EF6-9731-B8E86D837CCB}"
EndProject
Project("{FAE04EC0-301F-11D3-BF4B-00C04F79EFBC}") = "Infrastructure", "Infrastructure\Infrastructure.csproj", "{514BBCFA-3040-4277-BB0A-99E42FBAF9AC}"
EndProject
Global
	GlobalSection(SolutionConfigurationPlatforms) = preSolution
		Debug|Any CPU = Debug|Any CPU
		Release|Any CPU = Release|Any CPU
	EndGlobalSection
	GlobalSection(ProjectConfigurationPlatforms) = postSolution
		{1DF18731-53A4-48FB-97A5-23D3CD30F462}.Debug|Any CPU.ActiveCfg = Debug|Any CPU
		{1DF18731-53A4-48FB-97A5-23D3CD30F462}.Debug|Any CPU.Build.0 = Debug|Any CPU
		{1DF18731-53A4-48FB-97A5-23D3CD30F462}.Release|Any CPU.ActiveCfg = Release|Any CPU
		{1DF18731-53A4-48FB-97A5-23D3CD30F462}.Release|Any CPU.Build.0 = Release|Any CPU
		{26E90795-314A-485C-9ED4-DF6C732D75CB}.Debug|Any CPU.ActiveCfg = Debug|Any CPU
		{26E90795-314A-485C-9ED4-DF6C732D75CB}.Debug|Any CPU.Build.0 = Debug|Any CPU
		{26E90795-314A-485C-9ED4-DF6C732D75CB}.Release|Any CPU.ActiveCfg = Release|Any CPU
		{26E90795-314A-485C-9ED4-DF6C732D75CB}.Release|Any CPU.Build.0 = Release|Any CPU
		{410B925E-630F-4EF6-9731-B8E86D837CCB}.Debug|Any CPU.ActiveCfg = Debug|Any CPU
		{410B925E-630F-4EF6-9731-B8E86D837CCB}.Debug|Any CPU.Build.0 = Debug|Any CPU
		{410B925E-630F-4EF6-9731-B8E86D837CCB}.Release|Any CPU.ActiveCfg = Release|Any CPU
		{410B925E-630F-4EF6-9731-B8E86D837CCB}.Release|Any CPU.Build.0 = Release|Any CPU
		{514BBCFA-3040-4277-BB0A-99E42FBAF9AC}.Debug|Any CPU.ActiveCfg = Debug|Any CPU
		{514BBCFA-3040-4277-BB0A-99E42FBAF9AC}.Debug|Any CPU.Build.0 = Debug|Any CPU
		{514BBCFA-3040-4277-BB0A-99E42FBAF9AC}.Release|Any CPU.ActiveCfg = Release|Any CPU
		{514BBCFA-3040-4277-BB0A-99E42FBAF9AC}.Release|Any CPU.Build.0 = Release|Any CPU
	EndGlobalSection
	GlobalSection(SolutionProperties) = preSolution
		HideSolutionNode = FALSE
	EndGlobalSection
	GlobalSection(ExtensibilityGlobals) = postSolution
		SolutionGuid = {2B9499FB-E239-4040-9CD8-5AE65321274E}
	EndGlobalSection
EndGlobal
